
Microsoft Visual Studio Solution File, Format Version 12.00
# Visual Studio 15
Project("{FAE04EC0-301F-11D3-BF4B-00C04F79EFBC}") = "Assembly-CSharp", "Assembly-CSharp.csproj", "{4BE3F87F-A365-9384-20C0-5FE025143006}"
EndProject
Project("{FAE04EC0-301F-11D3-BF4B-00C04F79EFBC}") = "Assembly-CSharp-firstpass", "Assembly-CSharp-firstpass.csproj", "{C8F20419-8A4B-05B9-3965-E7578289F9D6}"
EndProject
Project("{FAE04EC0-301F-11D3-BF4B-00C04F79EFBC}") = "Assembly-CSharp-Editor", "Assembly-CSharp-Editor.csproj", "{670C5768-76E7-22DE-52B6-EB1666F435D7}"
EndProject
Global
	GlobalSection(SolutionConfigurationPlatforms) = preSolution
		Debug|Any CPU = Debug|Any CPU
		Release|Any CPU = Release|Any CPU
	EndGlobalSection
	GlobalSection(ProjectConfigurationPlatforms) = postSolution
		{4BE3F87F-A365-9384-20C0-5FE025143006}.Debug|Any CPU.ActiveCfg = Debug|Any CPU
		{4BE3F87F-A365-9384-20C0-5FE025143006}.Debug|Any CPU.Build.0 = Debug|Any CPU
		{4BE3F87F-A365-9384-20C0-5FE025143006}.Release|Any CPU.ActiveCfg = Release|Any CPU
		{4BE3F87F-A365-9384-20C0-5FE025143006}.Release|Any CPU.Build.0 = Release|Any CPU
		{C8F20419-8A4B-05B9-3965-E7578289F9D6}.Debug|Any CPU.ActiveCfg = Debug|Any CPU
		{C8F20419-8A4B-05B9-3965-E7578289F9D6}.Debug|Any CPU.Build.0 = Debug|Any CPU
		{C8F20419-8A4B-05B9-3965-E7578289F9D6}.Release|Any CPU.ActiveCfg = Release|Any CPU
		{C8F20419-8A4B-05B9-3965-E7578289F9D6}.Release|Any CPU.Build.0 = Release|Any CPU
		{670C5768-76E7-22DE-52B6-EB1666F435D7}.Debug|Any CPU.ActiveCfg = Debug|Any CPU
		{670C5768-76E7-22DE-52B6-EB1666F435D7}.Debug|Any CPU.Build.0 = Debug|Any CPU
		{670C5768-76E7-22DE-52B6-EB1666F435D7}.Release|Any CPU.ActiveCfg = Release|Any CPU
		{670C5768-76E7-22DE-52B6-EB1666F435D7}.Release|Any CPU.Build.0 = Release|Any CPU
	EndGlobalSection
	GlobalSection(SolutionProperties) = preSolution
		HideSolutionNode = FALSE
	EndGlobalSection
EndGlobal
