
Microsoft Visual Studio Solution File, Format Version 12.00
# Visual Studio 15
Project("{FAE04EC0-301F-11D3-BF4B-00C04F79EFBC}") = "Assembly-CSharp", "Assembly-CSharp.csproj", "{8A7E13A3-C067-1BF9-2AFE-5D96EEA56DB4}"
EndProject
Project("{FAE04EC0-301F-11D3-BF4B-00C04F79EFBC}") = "Assembly-CSharp-firstpass", "Assembly-CSharp-firstpass.csproj", "{35E9CEE3-B017-04CD-ACD1-E6D7E65AF102}"
EndProject
Project("{FAE04EC0-301F-11D3-BF4B-00C04F79EFBC}") = "Assembly-CSharp-Editor", "Assembly-CSharp-Editor.csproj", "{6C9F6BDE-930A-8CA0-4CA7-543B8CA00D95}"
EndProject
Global
	GlobalSection(SolutionConfigurationPlatforms) = preSolution
		Debug|Any CPU = Debug|Any CPU
		Release|Any CPU = Release|Any CPU
	EndGlobalSection
	GlobalSection(ProjectConfigurationPlatforms) = postSolution
		{8A7E13A3-C067-1BF9-2AFE-5D96EEA56DB4}.Debug|Any CPU.ActiveCfg = Debug|Any CPU
		{8A7E13A3-C067-1BF9-2AFE-5D96EEA56DB4}.Debug|Any CPU.Build.0 = Debug|Any CPU
		{8A7E13A3-C067-1BF9-2AFE-5D96EEA56DB4}.Release|Any CPU.ActiveCfg = Release|Any CPU
		{8A7E13A3-C067-1BF9-2AFE-5D96EEA56DB4}.Release|Any CPU.Build.0 = Release|Any CPU
		{35E9CEE3-B017-04CD-ACD1-E6D7E65AF102}.Debug|Any CPU.ActiveCfg = Debug|Any CPU
		{35E9CEE3-B017-04CD-ACD1-E6D7E65AF102}.Debug|Any CPU.Build.0 = Debug|Any CPU
		{35E9CEE3-B017-04CD-ACD1-E6D7E65AF102}.Release|Any CPU.ActiveCfg = Release|Any CPU
		{35E9CEE3-B017-04CD-ACD1-E6D7E65AF102}.Release|Any CPU.Build.0 = Release|Any CPU
		{6C9F6BDE-930A-8CA0-4CA7-543B8CA00D95}.Debug|Any CPU.ActiveCfg = Debug|Any CPU
		{6C9F6BDE-930A-8CA0-4CA7-543B8CA00D95}.Debug|Any CPU.Build.0 = Debug|Any CPU
		{6C9F6BDE-930A-8CA0-4CA7-543B8CA00D95}.Release|Any CPU.ActiveCfg = Release|Any CPU
		{6C9F6BDE-930A-8CA0-4CA7-543B8CA00D95}.Release|Any CPU.Build.0 = Release|Any CPU
	EndGlobalSection
	GlobalSection(SolutionProperties) = preSolution
		HideSolutionNode = FALSE
	EndGlobalSection
EndGlobal
